
Microsoft Visual Studio Solution File, Format Version 10.00
# Visual Studio 2008
Project("{FAE04EC0-301F-11D3-BF4B-00C04F79EFBC}") = "RFID_UHF_ABITECH", "RFID_UHF_Net\RFID_UHF_ABITECH.csproj", "{3FE9D799-F681-4C38-8518-BDF308EBCF56}"
EndProject
Project("{B900F1C2-3D47-4FEC-85B3-04AAF18C3634}") = "RfidInstallation", "RfidInstallation\RfidInstallation.vddproj", "{7BC0CF55-2534-42B4-BFA9-31B38BDF44F4}"
EndProject
Global
	GlobalSection(SolutionConfigurationPlatforms) = preSolution
		Debug|Any CPU = Debug|Any CPU
		Release|Any CPU = Release|Any CPU
	EndGlobalSection
	GlobalSection(ProjectConfigurationPlatforms) = postSolution
		{3FE9D799-F681-4C38-8518-BDF308EBCF56}.Debug|Any CPU.ActiveCfg = Debug|Any CPU
		{3FE9D799-F681-4C38-8518-BDF308EBCF56}.Debug|Any CPU.Build.0 = Debug|Any CPU
		{3FE9D799-F681-4C38-8518-BDF308EBCF56}.Debug|Any CPU.Deploy.0 = Debug|Any CPU
		{3FE9D799-F681-4C38-8518-BDF308EBCF56}.Release|Any CPU.ActiveCfg = Release|Any CPU
		{3FE9D799-F681-4C38-8518-BDF308EBCF56}.Release|Any CPU.Build.0 = Release|Any CPU
		{3FE9D799-F681-4C38-8518-BDF308EBCF56}.Release|Any CPU.Deploy.0 = Release|Any CPU
		{7BC0CF55-2534-42B4-BFA9-31B38BDF44F4}.Debug|Any CPU.ActiveCfg = Debug
		{7BC0CF55-2534-42B4-BFA9-31B38BDF44F4}.Release|Any CPU.ActiveCfg = Release
	EndGlobalSection
	GlobalSection(SolutionProperties) = preSolution
		HideSolutionNode = FALSE
	EndGlobalSection
EndGlobal
